
Microsoft Visual Studio Solution File, Format Version 12.00
# Visual Studio Version 16
VisualStudioVersion = 16.0.30503.244
MinimumVisualStudioVersion = 10.0.40219.1
Project("{FAE04EC0-301F-11D3-BF4B-00C04F79EFBC}") = "Hello World", "Hello World\Hello World.csproj", "{9EC7F1C1-35AC-422D-8C63-DDA5073D9D36}"
EndProject
Global
	GlobalSection(SolutionConfigurationPlatforms) = preSolution
		Debug|Any CPU = Debug|Any CPU
		Release|Any CPU = Release|Any CPU
	EndGlobalSection
	GlobalSection(ProjectConfigurationPlatforms) = postSolution
		{9EC7F1C1-35AC-422D-8C63-DDA5073D9D36}.Debug|Any CPU.ActiveCfg = Debug|Any CPU
		{9EC7F1C1-35AC-422D-8C63-DDA5073D9D36}.Debug|Any CPU.Build.0 = Debug|Any CPU
		{9EC7F1C1-35AC-422D-8C63-DDA5073D9D36}.Release|Any CPU.ActiveCfg = Release|Any CPU
		{9EC7F1C1-35AC-422D-8C63-DDA5073D9D36}.Release|Any CPU.Build.0 = Release|Any CPU
	EndGlobalSection
	GlobalSection(SolutionProperties) = preSolution
		HideSolutionNode = FALSE
	EndGlobalSection
	GlobalSection(ExtensibilityGlobals) = postSolution
		SolutionGuid = {38161386-3A57-474B-BC38-665437946CA8}
	EndGlobalSection
EndGlobal
